// !$*UTF8*$!
{
	archiveVersion = 1;
	classes = {
	};
	objectVersion = 46;
	objects = {

/* Begin PBXBuildFile section */
		357164AC24B54D579323E084 /* libPods.a in Frameworks */ = {isa = PBXBuildFile; fileRef = C0E10D05E51D418085703398 /* libPods.a */; };
		866285BA46C944AB8DFDB7CB /* libPods.a in Frameworks */ = {isa = PBXBuildFile; fileRef = C0E10D05E51D418085703398 /* libPods.a */; };
		E71C897018ADBA7A00CF3E2E /* Foundation.framework in Frameworks */ = {isa = PBXBuildFile; fileRef = E71C896F18ADBA7A00CF3E2E /* Foundation.framework */; };
		E71C897218ADBA7A00CF3E2E /* CoreGraphics.framework in Frameworks */ = {isa = PBXBuildFile; fileRef = E71C897118ADBA7A00CF3E2E /* CoreGraphics.framework */; };
		E71C897418ADBA7A00CF3E2E /* UIKit.framework in Frameworks */ = {isa = PBXBuildFile; fileRef = E71C897318ADBA7A00CF3E2E /* UIKit.framework */; };
		E71C897A18ADBA7A00CF3E2E /* InfoPlist.strings in Resources */ = {isa = PBXBuildFile; fileRef = E71C897818ADBA7A00CF3E2E /* InfoPlist.strings */; };
		E71C897C18ADBA7A00CF3E2E /* main.m in Sources */ = {isa = PBXBuildFile; fileRef = E71C897B18ADBA7A00CF3E2E /* main.m */; };
		E71C898018ADBA7A00CF3E2E /* FFCAppDelegate.m in Sources */ = {isa = PBXBuildFile; fileRef = E71C897F18ADBA7A00CF3E2E /* FFCAppDelegate.m */; };
		E71C898218ADBA7A00CF3E2E /* Images.xcassets in Resources */ = {isa = PBXBuildFile; fileRef = E71C898118ADBA7A00CF3E2E /* Images.xcassets */; };
		E71C898918ADBA7A00CF3E2E /* XCTest.framework in Frameworks */ = {isa = PBXBuildFile; fileRef = E71C898818ADBA7A00CF3E2E /* XCTest.framework */; };
		E71C898A18ADBA7A00CF3E2E /* Foundation.framework in Frameworks */ = {isa = PBXBuildFile; fileRef = E71C896F18ADBA7A00CF3E2E /* Foundation.framework */; };
		E71C898B18ADBA7A00CF3E2E /* UIKit.framework in Frameworks */ = {isa = PBXBuildFile; fileRef = E71C897318ADBA7A00CF3E2E /* UIKit.framework */; };
		E71C899318ADBA7A00CF3E2E /* InfoPlist.strings in Resources */ = {isa = PBXBuildFile; fileRef = E71C899118ADBA7A00CF3E2E /* InfoPlist.strings */; };
		E71C899518ADBA7A00CF3E2E /* SafeCastTests.m in Sources */ = {isa = PBXBuildFile; fileRef = E71C899418ADBA7A00CF3E2E /* SafeCastTests.m */; };
		E7B409F718B004780017967E /* FFCCollectionTest.m in Sources */ = {isa = PBXBuildFile; fileRef = E7B409F618B004780017967E /* FFCCollectionTest.m */; };
/* End PBXBuildFile section */

/* Begin PBXContainerItemProxy section */
		E71C898C18ADBA7A00CF3E2E /* PBXContainerItemProxy */ = {
			isa = PBXContainerItemProxy;
			containerPortal = E71C896418ADBA7A00CF3E2E /* Project object */;
			proxyType = 1;
			remoteGlobalIDString = E71C896B18ADBA7A00CF3E2E;
			remoteInfo = SafeCast;
		};
/* End PBXContainerItemProxy section */

/* Begin PBXFileReference section */
		483BB0F2CB82A7BD249C930F /* Pods.release.xcconfig */ = {isa = PBXFileReference; includeInIndex = 1; lastKnownFileType = text.xcconfig; name = Pods.release.xcconfig; path = "Pods/Target Support Files/Pods/Pods.release.xcconfig"; sourceTree = "<group>"; };
		75DBFF9502C2D8DDC075B75F /* Pods.debug.xcconfig */ = {isa = PBXFileReference; includeInIndex = 1; lastKnownFileType = text.xcconfig; name = Pods.debug.xcconfig; path = "Pods/Target Support Files/Pods/Pods.debug.xcconfig"; sourceTree = "<group>"; };
		C0E10D05E51D418085703398 /* libPods.a */ = {isa = PBXFileReference; explicitFileType = archive.ar; includeInIndex = 0; path = libPods.a; sourceTree = BUILT_PRODUCTS_DIR; };
		E71C896C18ADBA7A00CF3E2E /* SafeCast.app */ = {isa = PBXFileReference; explicitFileType = wrapper.application; includeInIndex = 0; path = SafeCast.app; sourceTree = BUILT_PRODUCTS_DIR; };
		E71C896F18ADBA7A00CF3E2E /* Foundation.framework */ = {isa = PBXFileReference; lastKnownFileType = wrapper.framework; name = Foundation.framework; path = System/Library/Frameworks/Foundation.framework; sourceTree = SDKROOT; };
		E71C897118ADBA7A00CF3E2E /* CoreGraphics.framework */ = {isa = PBXFileReference; lastKnownFileType = wrapper.framework; name = CoreGraphics.framework; path = System/Library/Frameworks/CoreGraphics.framework; sourceTree = SDKROOT; };
		E71C897318ADBA7A00CF3E2E /* UIKit.framework */ = {isa = PBXFileReference; lastKnownFileType = wrapper.framework; name = UIKit.framework; path = System/Library/Frameworks/UIKit.framework; sourceTree = SDKROOT; };
		E71C897718ADBA7A00CF3E2E /* SafeCast-Info.plist */ = {isa = PBXFileReference; lastKnownFileType = text.plist.xml; path = "SafeCast-Info.plist"; sourceTree = "<group>"; };
		E71C897918ADBA7A00CF3E2E /* en */ = {isa = PBXFileReference; lastKnownFileType = text.plist.strings; name = en; path = en.lproj/InfoPlist.strings; sourceTree = "<group>"; };
		E71C897B18ADBA7A00CF3E2E /* main.m */ = {isa = PBXFileReference; lastKnownFileType = sourcecode.c.objc; path = main.m; sourceTree = "<group>"; };
		E71C897D18ADBA7A00CF3E2E /* SafeCast-Prefix.pch */ = {isa = PBXFileReference; lastKnownFileType = sourcecode.c.h; path = "SafeCast-Prefix.pch"; sourceTree = "<group>"; };
		E71C897E18ADBA7A00CF3E2E /* FFCAppDelegate.h */ = {isa = PBXFileReference; lastKnownFileType = sourcecode.c.h; path = FFCAppDelegate.h; sourceTree = "<group>"; };
		E71C897F18ADBA7A00CF3E2E /* FFCAppDelegate.m */ = {isa = PBXFileReference; lastKnownFileType = sourcecode.c.objc; path = FFCAppDelegate.m; sourceTree = "<group>"; };
		E71C898118ADBA7A00CF3E2E /* Images.xcassets */ = {isa = PBXFileReference; lastKnownFileType = folder.assetcatalog; path = Images.xcassets; sourceTree = "<group>"; };
		E71C898718ADBA7A00CF3E2E /* SafeCastTests.xctest */ = {isa = PBXFileReference; explicitFileType = wrapper.cfbundle; includeInIndex = 0; path = SafeCastTests.xctest; sourceTree = BUILT_PRODUCTS_DIR; };
		E71C898818ADBA7A00CF3E2E /* XCTest.framework */ = {isa = PBXFileReference; lastKnownFileType = wrapper.framework; name = XCTest.framework; path = Library/Frameworks/XCTest.framework; sourceTree = DEVELOPER_DIR; };
		E71C899018ADBA7A00CF3E2E /* SafeCastTests-Info.plist */ = {isa = PBXFileReference; lastKnownFileType = text.plist.xml; path = "SafeCastTests-Info.plist"; sourceTree = "<group>"; };
		E71C899218ADBA7A00CF3E2E /* en */ = {isa = PBXFileReference; lastKnownFileType = text.plist.strings; name = en; path = en.lproj/InfoPlist.strings; sourceTree = "<group>"; };
		E71C899418ADBA7A00CF3E2E /* SafeCastTests.m */ = {isa = PBXFileReference; lastKnownFileType = sourcecode.c.objc; path = SafeCastTests.m; sourceTree = "<group>"; };
		E7735ADF198D71EF00135C7B /* README.md */ = {isa = PBXFileReference; lastKnownFileType = net.daringfireball.markdown; name = README.md; path = ../README.md; sourceTree = "<group>"; };
		E7735AE0198D71F900135C7B /* SafeCast.podspec */ = {isa = PBXFileReference; lastKnownFileType = text; name = SafeCast.podspec; path = ../SafeCast.podspec; sourceTree = "<group>"; };
		E7B409F618B004780017967E /* FFCCollectionTest.m */ = {isa = PBXFileReference; fileEncoding = 4; lastKnownFileType = sourcecode.c.objc; path = FFCCollectionTest.m; sourceTree = "<group>"; };
/* End PBXFileReference section */

/* Begin PBXFrameworksBuildPhase section */
		E71C896918ADBA7A00CF3E2E /* Frameworks */ = {
			isa = PBXFrameworksBuildPhase;
			buildActionMask = 2147483647;
			files = (
				E71C897218ADBA7A00CF3E2E /* CoreGraphics.framework in Frameworks */,
				E71C897418ADBA7A00CF3E2E /* UIKit.framework in Frameworks */,
				E71C897018ADBA7A00CF3E2E /* Foundation.framework in Frameworks */,
				357164AC24B54D579323E084 /* libPods.a in Frameworks */,
			);
			runOnlyForDeploymentPostprocessing = 0;
		};
		E71C898418ADBA7A00CF3E2E /* Frameworks */ = {
			isa = PBXFrameworksBuildPhase;
			buildActionMask = 2147483647;
			files = (
				E71C898918ADBA7A00CF3E2E /* XCTest.framework in Frameworks */,
				E71C898B18ADBA7A00CF3E2E /* UIKit.framework in Frameworks */,
				E71C898A18ADBA7A00CF3E2E /* Foundation.framework in Frameworks */,
				866285BA46C944AB8DFDB7CB /* libPods.a in Frameworks */,
			);
			runOnlyForDeploymentPostprocessing = 0;
		};
/* End PBXFrameworksBuildPhase section */

/* Begin PBXGroup section */
		D0B9DF340A3F069F2F513DD9 /* Pods */ = {
			isa = PBXGroup;
			children = (
				75DBFF9502C2D8DDC075B75F /* Pods.debug.xcconfig */,
				483BB0F2CB82A7BD249C930F /* Pods.release.xcconfig */,
			);
			name = Pods;
			sourceTree = "<group>";
		};
		E71C896318ADBA7A00CF3E2E = {
			isa = PBXGroup;
			children = (
				E7735ADF198D71EF00135C7B /* README.md */,
				E7735AE0198D71F900135C7B /* SafeCast.podspec */,
				E71C897518ADBA7A00CF3E2E /* SafeCast */,
				E71C898E18ADBA7A00CF3E2E /* SafeCastTests */,
				E71C896E18ADBA7A00CF3E2E /* Frameworks */,
				E71C896D18ADBA7A00CF3E2E /* Products */,
				D0B9DF340A3F069F2F513DD9 /* Pods */,
			);
			sourceTree = "<group>";
		};
		E71C896D18ADBA7A00CF3E2E /* Products */ = {
			isa = PBXGroup;
			children = (
				E71C896C18ADBA7A00CF3E2E /* SafeCast.app */,
				E71C898718ADBA7A00CF3E2E /* SafeCastTests.xctest */,
			);
			name = Products;
			sourceTree = "<group>";
		};
		E71C896E18ADBA7A00CF3E2E /* Frameworks */ = {
			isa = PBXGroup;
			children = (
				E71C896F18ADBA7A00CF3E2E /* Foundation.framework */,
				E71C897118ADBA7A00CF3E2E /* CoreGraphics.framework */,
				E71C897318ADBA7A00CF3E2E /* UIKit.framework */,
				E71C898818ADBA7A00CF3E2E /* XCTest.framework */,
				C0E10D05E51D418085703398 /* libPods.a */,
			);
			name = Frameworks;
			sourceTree = "<group>";
		};
		E71C897518ADBA7A00CF3E2E /* SafeCast */ = {
			isa = PBXGroup;
			children = (
				E71C897E18ADBA7A00CF3E2E /* FFCAppDelegate.h */,
				E71C897F18ADBA7A00CF3E2E /* FFCAppDelegate.m */,
				E71C898118ADBA7A00CF3E2E /* Images.xcassets */,
				E71C897618ADBA7A00CF3E2E /* Supporting Files */,
			);
			path = SafeCast;
			sourceTree = "<group>";
		};
		E71C897618ADBA7A00CF3E2E /* Supporting Files */ = {
			isa = PBXGroup;
			children = (
				E71C897718ADBA7A00CF3E2E /* SafeCast-Info.plist */,
				E71C897818ADBA7A00CF3E2E /* InfoPlist.strings */,
				E71C897B18ADBA7A00CF3E2E /* main.m */,
				E71C897D18ADBA7A00CF3E2E /* SafeCast-Prefix.pch */,
			);
			name = "Supporting Files";
			sourceTree = "<group>";
		};
		E71C898E18ADBA7A00CF3E2E /* SafeCastTests */ = {
			isa = PBXGroup;
			children = (
				E71C899418ADBA7A00CF3E2E /* SafeCastTests.m */,
				E71C898F18ADBA7A00CF3E2E /* Supporting Files */,
				E7B409F618B004780017967E /* FFCCollectionTest.m */,
			);
			path = SafeCastTests;
			sourceTree = "<group>";
		};
		E71C898F18ADBA7A00CF3E2E /* Supporting Files */ = {
			isa = PBXGroup;
			children = (
				E71C899018ADBA7A00CF3E2E /* SafeCastTests-Info.plist */,
				E71C899118ADBA7A00CF3E2E /* InfoPlist.strings */,
			);
			name = "Supporting Files";
			sourceTree = "<group>";
		};
/* End PBXGroup section */

/* Begin PBXNativeTarget section */
		E71C896B18ADBA7A00CF3E2E /* SafeCast */ = {
			isa = PBXNativeTarget;
			buildConfigurationList = E71C899818ADBA7A00CF3E2E /* Build configuration list for PBXNativeTarget "SafeCast" */;
			buildPhases = (
				82848690D893428998B31C47 /* Check Pods Manifest.lock */,
				E71C896818ADBA7A00CF3E2E /* Sources */,
				E71C896918ADBA7A00CF3E2E /* Frameworks */,
				E71C896A18ADBA7A00CF3E2E /* Resources */,
				3DE585A44CEC4BA9BB111155 /* Copy Pods Resources */,
			);
			buildRules = (
			);
			dependencies = (
			);
			name = SafeCast;
			productName = SafeCast;
			productReference = E71C896C18ADBA7A00CF3E2E /* SafeCast.app */;
			productType = "com.apple.product-type.application";
		};
		E71C898618ADBA7A00CF3E2E /* SafeCastTests */ = {
			isa = PBXNativeTarget;
			buildConfigurationList = E71C899B18ADBA7A00CF3E2E /* Build configuration list for PBXNativeTarget "SafeCastTests" */;
			buildPhases = (
				6DD703E649CD4D1BA87EAEA9 /* Check Pods Manifest.lock */,
				E71C898318ADBA7A00CF3E2E /* Sources */,
				E71C898418ADBA7A00CF3E2E /* Frameworks */,
				E71C898518ADBA7A00CF3E2E /* Resources */,
				2908BFBF8B0D42F585737DF5 /* Copy Pods Resources */,
			);
			buildRules = (
			);
			dependencies = (
				E71C898D18ADBA7A00CF3E2E /* PBXTargetDependency */,
			);
			name = SafeCastTests;
			productName = SafeCastTests;
			productReference = E71C898718ADBA7A00CF3E2E /* SafeCastTests.xctest */;
			productType = "com.apple.product-type.bundle.unit-test";
		};
/* End PBXNativeTarget section */

/* Begin PBXProject section */
		E71C896418ADBA7A00CF3E2E /* Project object */ = {
			isa = PBXProject;
			attributes = {
				CLASSPREFIX = FFC;
				LastUpgradeCheck = 0710;
				ORGANIZATIONNAME = "Fabián Cañas";
				TargetAttributes = {
					E71C898618ADBA7A00CF3E2E = {
						TestTargetID = E71C896B18ADBA7A00CF3E2E;
					};
				};
			};
			buildConfigurationList = E71C896718ADBA7A00CF3E2E /* Build configuration list for PBXProject "SafeCast" */;
			compatibilityVersion = "Xcode 3.2";
			developmentRegion = English;
			hasScannedForEncodings = 0;
			knownRegions = (
				en,
			);
			mainGroup = E71C896318ADBA7A00CF3E2E;
			productRefGroup = E71C896D18ADBA7A00CF3E2E /* Products */;
			projectDirPath = "";
			projectRoot = "";
			targets = (
				E71C896B18ADBA7A00CF3E2E /* SafeCast */,
				E71C898618ADBA7A00CF3E2E /* SafeCastTests */,
			);
		};
/* End PBXProject section */

/* Begin PBXResourcesBuildPhase section */
		E71C896A18ADBA7A00CF3E2E /* Resources */ = {
			isa = PBXResourcesBuildPhase;
			buildActionMask = 2147483647;
			files = (
				E71C897A18ADBA7A00CF3E2E /* InfoPlist.strings in Resources */,
				E71C898218ADBA7A00CF3E2E /* Images.xcassets in Resources */,
			);
			runOnlyForDeploymentPostprocessing = 0;
		};
		E71C898518ADBA7A00CF3E2E /* Resources */ = {
			isa = PBXResourcesBuildPhase;
			buildActionMask = 2147483647;
			files = (
				E71C899318ADBA7A00CF3E2E /* InfoPlist.strings in Resources */,
			);
			runOnlyForDeploymentPostprocessing = 0;
		};
/* End PBXResourcesBuildPhase section */

/* Begin PBXShellScriptBuildPhase section */
		2908BFBF8B0D42F585737DF5 /* Copy Pods Resources */ = {
			isa = PBXShellScriptBuildPhase;
			buildActionMask = 2147483647;
			files = (
			);
			inputPaths = (
			);
			name = "Copy Pods Resources";
			outputPaths = (
			);
			runOnlyForDeploymentPostprocessing = 0;
			shellPath = /bin/sh;
			shellScript = "\"${SRCROOT}/Pods/Target Support Files/Pods/Pods-resources.sh\"\n";
			showEnvVarsInLog = 0;
		};
		3DE585A44CEC4BA9BB111155 /* Copy Pods Resources */ = {
			isa = PBXShellScriptBuildPhase;
			buildActionMask = 2147483647;
			files = (
			);
			inputPaths = (
			);
			name = "Copy Pods Resources";
			outputPaths = (
			);
			runOnlyForDeploymentPostprocessing = 0;
			shellPath = /bin/sh;
			shellScript = "\"${SRCROOT}/Pods/Target Support Files/Pods/Pods-resources.sh\"\n";
			showEnvVarsInLog = 0;
		};
		6DD703E649CD4D1BA87EAEA9 /* Check Pods Manifest.lock */ = {
			isa = PBXShellScriptBuildPhase;
			buildActionMask = 2147483647;
			files = (
			);
			inputPaths = (
			);
			name = "Check Pods Manifest.lock";
			outputPaths = (
			);
			runOnlyForDeploymentPostprocessing = 0;
			shellPath = /bin/sh;
			shellScript = "diff \"${PODS_ROOT}/../Podfile.lock\" \"${PODS_ROOT}/Manifest.lock\" > /dev/null\nif [[ $? != 0 ]] ; then\n    cat << EOM\nerror: The sandbox is not in sync with the Podfile.lock. Run 'pod install' or update your CocoaPods installation.\nEOM\n    exit 1\nfi\n";
			showEnvVarsInLog = 0;
		};
		82848690D893428998B31C47 /* Check Pods Manifest.lock */ = {
			isa = PBXShellScriptBuildPhase;
			buildActionMask = 2147483647;
			files = (
			);
			inputPaths = (
			);
			name = "Check Pods Manifest.lock";
			outputPaths = (
			);
			runOnlyForDeploymentPostprocessing = 0;
			shellPath = /bin/sh;
			shellScript = "diff \"${PODS_ROOT}/../Podfile.lock\" \"${PODS_ROOT}/Manifest.lock\" > /dev/null\nif [[ $? != 0 ]] ; then\n    cat << EOM\nerror: The sandbox is not in sync with the Podfile.lock. Run 'pod install' or update your CocoaPods installation.\nEOM\n    exit 1\nfi\n";
			showEnvVarsInLog = 0;
		};
/* End PBXShellScriptBuildPhase section */

/* Begin PBXSourcesBuildPhase section */
		E71C896818ADBA7A00CF3E2E /* Sources */ = {
			isa = PBXSourcesBuildPhase;
			buildActionMask = 2147483647;
			files = (
				E71C898018ADBA7A00CF3E2E /* FFCAppDelegate.m in Sources */,
				E71C897C18ADBA7A00CF3E2E /* main.m in Sources */,
			);
			runOnlyForDeploymentPostprocessing = 0;
		};
		E71C898318ADBA7A00CF3E2E /* Sources */ = {
			isa = PBXSourcesBuildPhase;
			buildActionMask = 2147483647;
			files = (
				E71C899518ADBA7A00CF3E2E /* SafeCastTests.m in Sources */,
				E7B409F718B004780017967E /* FFCCollectionTest.m in Sources */,
			);
			runOnlyForDeploymentPostprocessing = 0;
		};
/* End PBXSourcesBuildPhase section */

/* Begin PBXTargetDependency section */
		E71C898D18ADBA7A00CF3E2E /* PBXTargetDependency */ = {
			isa = PBXTargetDependency;
			target = E71C896B18ADBA7A00CF3E2E /* SafeCast */;
			targetProxy = E71C898C18ADBA7A00CF3E2E /* PBXContainerItemProxy */;
		};
/* End PBXTargetDependency section */

/* Begin PBXVariantGroup section */
		E71C897818ADBA7A00CF3E2E /* InfoPlist.strings */ = {
			isa = PBXVariantGroup;
			children = (
				E71C897918ADBA7A00CF3E2E /* en */,
			);
			name = InfoPlist.strings;
			sourceTree = "<group>";
		};
		E71C899118ADBA7A00CF3E2E /* InfoPlist.strings */ = {
			isa = PBXVariantGroup;
			children = (
				E71C899218ADBA7A00CF3E2E /* en */,
			);
			name = InfoPlist.strings;
			sourceTree = "<group>";
		};
/* End PBXVariantGroup section */

/* Begin XCBuildConfiguration section */
		E71C899618ADBA7A00CF3E2E /* Debug */ = {
			isa = XCBuildConfiguration;
			buildSettings = {
				ALWAYS_SEARCH_USER_PATHS = NO;
				CLANG_CXX_LANGUAGE_STANDARD = "gnu++0x";
				CLANG_CXX_LIBRARY = "libc++";
				CLANG_ENABLE_MODULES = YES;
				CLANG_ENABLE_OBJC_ARC = YES;
				CLANG_WARN_BOOL_CONVERSION = YES;
				CLANG_WARN_CONSTANT_CONVERSION = YES;
				CLANG_WARN_DIRECT_OBJC_ISA_USAGE = YES_ERROR;
				CLANG_WARN_EMPTY_BODY = YES;
				CLANG_WARN_ENUM_CONVERSION = YES;
				CLANG_WARN_INT_CONVERSION = YES;
				CLANG_WARN_OBJC_ROOT_CLASS = YES_ERROR;
				CLANG_WARN__DUPLICATE_METHOD_MATCH = YES;
				"CODE_SIGN_IDENTITY[sdk=iphoneos*]" = "iPhone Developer";
				COPY_PHASE_STRIP = NO;
				ENABLE_TESTABILITY = YES;
				GCC_C_LANGUAGE_STANDARD = gnu99;
				GCC_DYNAMIC_NO_PIC = NO;
				GCC_GENERATE_TEST_COVERAGE_FILES = YES;
				GCC_INSTRUMENT_PROGRAM_FLOW_ARCS = YES;
				GCC_OPTIMIZATION_LEVEL = 0;
				GCC_PREPROCESSOR_DEFINITIONS = (
					"DEBUG=1",
					"$(inherited)",
				);
				GCC_SYMBOLS_PRIVATE_EXTERN = NO;
				GCC_WARN_64_TO_32_BIT_CONVERSION = YES;
				GCC_WARN_ABOUT_RETURN_TYPE = YES_ERROR;
				GCC_WARN_UNDECLARED_SELECTOR = YES;
				GCC_WARN_UNINITIALIZED_AUTOS = YES;
				GCC_WARN_UNUSED_FUNCTION = YES;
				GCC_WARN_UNUSED_VARIABLE = YES;
				IPHONEOS_DEPLOYMENT_TARGET = 7.0;
				ONLY_ACTIVE_ARCH = YES;
				SDKROOT = iphoneos;
			};
			name = Debug;
		};
		E71C899718ADBA7A00CF3E2E /* Release */ = {
			isa = XCBuildConfiguration;
			buildSettings = {
				ALWAYS_SEARCH_USER_PATHS = NO;
				CLANG_CXX_LANGUAGE_STANDARD = "gnu++0x";
				CLANG_CXX_LIBRARY = "libc++";
				CLANG_ENABLE_MODULES = YES;
				CLANG_ENABLE_OBJC_ARC = YES;
				CLANG_WARN_BOOL_CONVERSION = YES;
				CLANG_WARN_CONSTANT_CONVERSION = YES;
				CLANG_WARN_DIRECT_OBJC_ISA_USAGE = YES_ERROR;
				CLANG_WARN_EMPTY_BODY = YES;
				CLANG_WARN_ENUM_CONVERSION = YES;
				CLANG_WARN_INT_CONVERSION = YES;
				CLANG_WARN_OBJC_ROOT_CLASS = YES_ERROR;
				CLANG_WARN__DUPLICATE_METHOD_MATCH = YES;
				"CODE_SIGN_IDENTITY[sdk=iphoneos*]" = "iPhone Developer";
				COPY_PHASE_STRIP = YES;
				ENABLE_NS_ASSERTIONS = NO;
				GCC_C_LANGUAGE_STANDARD = gnu99;
				GCC_GENERATE_TEST_COVERAGE_FILES = YES;
				GCC_INSTRUMENT_PROGRAM_FLOW_ARCS = YES;
				GCC_WARN_64_TO_32_BIT_CONVERSION = YES;
				GCC_WARN_ABOUT_RETURN_TYPE = YES_ERROR;
				GCC_WARN_UNDECLARED_SELECTOR = YES;
				GCC_WARN_UNINITIALIZED_AUTOS = YES;
				GCC_WARN_UNUSED_FUNCTION = YES;
				GCC_WARN_UNUSED_VARIABLE = YES;
				IPHONEOS_DEPLOYMENT_TARGET = 7.0;
				SDKROOT = iphoneos;
				VALIDATE_PRODUCT = YES;
			};
			name = Release;
		};
		E71C899918ADBA7A00CF3E2E /* Debug */ = {
			isa = XCBuildConfiguration;
			baseConfigurationReference = 75DBFF9502C2D8DDC075B75F /* Pods.debug.xcconfig */;
			buildSettings = {
				ASSETCATALOG_COMPILER_APPICON_NAME = AppIcon;
				ASSETCATALOG_COMPILER_LAUNCHIMAGE_NAME = LaunchImage;
				GCC_PRECOMPILE_PREFIX_HEADER = YES;
				GCC_PREFIX_HEADER = "SafeCast/SafeCast-Prefix.pch";
				INFOPLIST_FILE = "SafeCast/SafeCast-Info.plist";
				PRODUCT_BUNDLE_IDENTIFIER = "com.fabiancanas.${PRODUCT_NAME:rfc1034identifier}";
				PRODUCT_NAME = "$(TARGET_NAME)";
				WRAPPER_EXTENSION = app;
			};
			name = Debug;
		};
		E71C899A18ADBA7A00CF3E2E /* Release */ = {
			isa = XCBuildConfiguration;
			baseConfigurationReference = 483BB0F2CB82A7BD249C930F /* Pods.release.xcconfig */;
			buildSettings = {
				ASSETCATALOG_COMPILER_APPICON_NAME = AppIcon;
				ASSETCATALOG_COMPILER_LAUNCHIMAGE_NAME = LaunchImage;
				GCC_PRECOMPILE_PREFIX_HEADER = YES;
				GCC_PREFIX_HEADER = "SafeCast/SafeCast-Prefix.pch";
				INFOPLIST_FILE = "SafeCast/SafeCast-Info.plist";
				PRODUCT_BUNDLE_IDENTIFIER = "com.fabiancanas.${PRODUCT_NAME:rfc1034identifier}";
				PRODUCT_NAME = "$(TARGET_NAME)";
				WRAPPER_EXTENSION = app;
			};
			name = Release;
		};
		E71C899C18ADBA7A00CF3E2E /* Debug */ = {
			isa = XCBuildConfiguration;
			baseConfigurationReference = 75DBFF9502C2D8DDC075B75F /* Pods.debug.xcconfig */;
			buildSettings = {
				BUNDLE_LOADER = "$(BUILT_PRODUCTS_DIR)/SafeCast.app/SafeCast";
				FRAMEWORK_SEARCH_PATHS = (
					"$(SDKROOT)/Developer/Library/Frameworks",
					"$(inherited)",
					"$(DEVELOPER_FRAMEWORKS_DIR)",
				);
				GCC_PRECOMPILE_PREFIX_HEADER = YES;
				GCC_PREFIX_HEADER = "SafeCast/SafeCast-Prefix.pch";
				GCC_PREPROCESSOR_DEFINITIONS = (
					"DEBUG=1",
					"$(inherited)",
				);
				INFOPLIST_FILE = "SafeCastTests/SafeCastTests-Info.plist";
				PRODUCT_BUNDLE_IDENTIFIER = "com.fabiancanas.${PRODUCT_NAME:rfc1034identifier}";
				PRODUCT_NAME = "$(TARGET_NAME)";
				TEST_HOST = "$(BUNDLE_LOADER)";
				WRAPPER_EXTENSION = xctest;
			};
			name = Debug;
		};
		E71C899D18ADBA7A00CF3E2E /* Release */ = {
			isa = XCBuildConfiguration;
			baseConfigurationReference = 483BB0F2CB82A7BD249C930F /* Pods.release.xcconfig */;
			buildSettings = {
				BUNDLE_LOADER = "$(BUILT_PRODUCTS_DIR)/SafeCast.app/SafeCast";
				FRAMEWORK_SEARCH_PATHS = (
					"$(SDKROOT)/Developer/Library/Frameworks",
					"$(inherited)",
					"$(DEVELOPER_FRAMEWORKS_DIR)",
				);
				GCC_PRECOMPILE_PREFIX_HEADER = YES;
				GCC_PREFIX_HEADER = "SafeCast/SafeCast-Prefix.pch";
				INFOPLIST_FILE = "SafeCastTests/SafeCastTests-Info.plist";
				PRODUCT_BUNDLE_IDENTIFIER = "com.fabiancanas.${PRODUCT_NAME:rfc1034identifier}";
				PRODUCT_NAME = "$(TARGET_NAME)";
				TEST_HOST = "$(BUNDLE_LOADER)";
				WRAPPER_EXTENSION = xctest;
			};
			name = Release;
		};
/* End XCBuildConfiguration section */

/* Begin XCConfigurationList section */
		E71C896718ADBA7A00CF3E2E /* Build configuration list for PBXProject "SafeCast" */ = {
			isa = XCConfigurationList;
			buildConfigurations = (
				E71C899618ADBA7A00CF3E2E /* Debug */,
				E71C899718ADBA7A00CF3E2E /* Release */,
			);
			defaultConfigurationIsVisible = 0;
			defaultConfigurationName = Release;
		};
		E71C899818ADBA7A00CF3E2E /* Build configuration list for PBXNativeTarget "SafeCast" */ = {
			isa = XCConfigurationList;
			buildConfigurations = (
				E71C899918ADBA7A00CF3E2E /* Debug */,
				E71C899A18ADBA7A00CF3E2E /* Release */,
			);
			defaultConfigurationIsVisible = 0;
			defaultConfigurationName = Release;
		};
		E71C899B18ADBA7A00CF3E2E /* Build configuration list for PBXNativeTarget "SafeCastTests" */ = {
			isa = XCConfigurationList;
			buildConfigurations = (
				E71C899C18ADBA7A00CF3E2E /* Debug */,
				E71C899D18ADBA7A00CF3E2E /* Release */,
			);
			defaultConfigurationIsVisible = 0;
			defaultConfigurationName = Release;
		};
/* End XCConfigurationList section */
	};
	rootObject = E71C896418ADBA7A00CF3E2E /* Project object */;
}
